
Microsoft Visual Studio Solution File, Format Version 12.00
# Visual Studio Version 17
VisualStudioVersion = 17.5.33516.290
MinimumVisualStudioVersion = 10.0.40219.1
Project("{FAE04EC0-301F-11D3-BF4B-00C04F79EFBC}") = "Wasspord", "Wasspord.csproj", "{1AADF5F3-4DD9-44DD-817A-3F94314A68AB}"
EndProject
Project("{2150E333-8FDC-42A3-9474-1A3956D46DE8}") = "Solution Items", "Solution Items", "{E7C71CC6-62B9-4B57-9BD3-0ADE807E77CC}"
	ProjectSection(SolutionItems) = preProject
		README.md = README.md
	EndProjectSection
EndProject
Global
	GlobalSection(SolutionConfigurationPlatforms) = preSolution
		Debug|Any CPU = Debug|Any CPU
		Release|Any CPU = Release|Any CPU
	EndGlobalSection
	GlobalSection(ProjectConfigurationPlatforms) = postSolution
		{1AADF5F3-4DD9-44DD-817A-3F94314A68AB}.Debug|Any CPU.ActiveCfg = Release|Any CPU
		{1AADF5F3-4DD9-44DD-817A-3F94314A68AB}.Debug|Any CPU.Build.0 = Release|Any CPU
		{1AADF5F3-4DD9-44DD-817A-3F94314A68AB}.Release|Any CPU.ActiveCfg = Release|Any CPU
		{1AADF5F3-4DD9-44DD-817A-3F94314A68AB}.Release|Any CPU.Build.0 = Release|Any CPU
	EndGlobalSection
	GlobalSection(SolutionProperties) = preSolution
		HideSolutionNode = FALSE
	EndGlobalSection
	GlobalSection(ExtensibilityGlobals) = postSolution
		SolutionGuid = {5F566BAD-D4A1-40A6-ACFF-7EAB7B5D79C6}
	EndGlobalSection
EndGlobal
